{
  "name": "plantrr",
  "version": "1.0.0",
  "lockfileVersion": 1,
  "requires": true,
  "dependencies": {
    "eventemitter3": {
      "version": "3.1.0",
      "resolved": "https://registry.npmjs.org/eventemitter3/-/eventemitter3-3.1.0.tgz",
      "integrity": "sha512-ivIvhpq/Y0uSjcHDcOIccjmYjGLcP09MFGE7ysAwkAvkXfpZlC985pH2/ui64DKazbTW/4kN3yqozUxlXzI6cA=="
    },
    "hls.js": {
      "version": "0.12.4",
      "resolved": "https://registry.npmjs.org/hls.js/-/hls.js-0.12.4.tgz",
      "integrity": "sha512-e8OPxQ60dBVsdkv4atdxR21KzC1mgwspM41qpozpj3Uv1Fz4CaeQy3FWoaV2O+QKKbNRvV5hW+/LipCWdrwnMQ==",
      "requires": {
        "eventemitter3": "3.1.0",
        "url-toolkit": "^2.1.6"
      }
    },
    "url-toolkit": {
      "version": "2.1.6",
      "resolved": "https://registry.npmjs.org/url-toolkit/-/url-toolkit-2.1.6.tgz",
      "integrity": "sha512-UaZ2+50am4HwrV2crR/JAf63Q4VvPYphe63WGeoJxeu8gmOm0qxPt+KsukfakPNrX9aymGNEkkaoICwn+OuvBw=="
    }
  }
}
